
Microsoft Visual Studio Solution File, Format Version 12.00
# Visual Studio Version 16
VisualStudioVersion = 16.0.31424.327
MinimumVisualStudioVersion = 10.0.40219.1
Project("{9A19103F-16F7-4668-BE54-9A1E7A4F7556}") = "Domain", "Domain\Domain.csproj", "{FEC5A599-881D-4945-B362-17485E0FE8C1}"
EndProject
Project("{9A19103F-16F7-4668-BE54-9A1E7A4F7556}") = "Application", "Application\Application.csproj", "{3E339373-22D7-492A-8AA4-44354B772AE9}"
EndProject
Project("{9A19103F-16F7-4668-BE54-9A1E7A4F7556}") = "Infrastructure", "Infrastructure\Infrastructure.csproj", "{24CF07C2-2AD2-4590-9BDD-C6D05B70BCE5}"
EndProject
Project("{9A19103F-16F7-4668-BE54-9A1E7A4F7556}") = "Helpers", "Helpers\Helpers.csproj", "{227CE941-F51D-488A-A64A-1D9D472D6150}"
EndProject
Project("{9A19103F-16F7-4668-BE54-9A1E7A4F7556}") = "WebPresentation", "WebPresentation\WebPresentation.csproj", "{561F3D57-C051-4C2F-8D60-8D180D0795D0}"
EndProject
Global
	GlobalSection(SolutionConfigurationPlatforms) = preSolution
		Debug|Any CPU = Debug|Any CPU
		Release|Any CPU = Release|Any CPU
	EndGlobalSection
	GlobalSection(ProjectConfigurationPlatforms) = postSolution
		{FEC5A599-881D-4945-B362-17485E0FE8C1}.Debug|Any CPU.ActiveCfg = Debug|Any CPU
		{FEC5A599-881D-4945-B362-17485E0FE8C1}.Debug|Any CPU.Build.0 = Debug|Any CPU
		{FEC5A599-881D-4945-B362-17485E0FE8C1}.Release|Any CPU.ActiveCfg = Release|Any CPU
		{FEC5A599-881D-4945-B362-17485E0FE8C1}.Release|Any CPU.Build.0 = Release|Any CPU
		{3E339373-22D7-492A-8AA4-44354B772AE9}.Debug|Any CPU.ActiveCfg = Debug|Any CPU
		{3E339373-22D7-492A-8AA4-44354B772AE9}.Debug|Any CPU.Build.0 = Debug|Any CPU
		{3E339373-22D7-492A-8AA4-44354B772AE9}.Release|Any CPU.ActiveCfg = Release|Any CPU
		{3E339373-22D7-492A-8AA4-44354B772AE9}.Release|Any CPU.Build.0 = Release|Any CPU
		{24CF07C2-2AD2-4590-9BDD-C6D05B70BCE5}.Debug|Any CPU.ActiveCfg = Debug|Any CPU
		{24CF07C2-2AD2-4590-9BDD-C6D05B70BCE5}.Debug|Any CPU.Build.0 = Debug|Any CPU
		{24CF07C2-2AD2-4590-9BDD-C6D05B70BCE5}.Release|Any CPU.ActiveCfg = Release|Any CPU
		{24CF07C2-2AD2-4590-9BDD-C6D05B70BCE5}.Release|Any CPU.Build.0 = Release|Any CPU
		{227CE941-F51D-488A-A64A-1D9D472D6150}.Debug|Any CPU.ActiveCfg = Debug|Any CPU
		{227CE941-F51D-488A-A64A-1D9D472D6150}.Debug|Any CPU.Build.0 = Debug|Any CPU
		{227CE941-F51D-488A-A64A-1D9D472D6150}.Release|Any CPU.ActiveCfg = Release|Any CPU
		{227CE941-F51D-488A-A64A-1D9D472D6150}.Release|Any CPU.Build.0 = Release|Any CPU
		{561F3D57-C051-4C2F-8D60-8D180D0795D0}.Debug|Any CPU.ActiveCfg = Debug|Any CPU
		{561F3D57-C051-4C2F-8D60-8D180D0795D0}.Debug|Any CPU.Build.0 = Debug|Any CPU
		{561F3D57-C051-4C2F-8D60-8D180D0795D0}.Release|Any CPU.ActiveCfg = Release|Any CPU
		{561F3D57-C051-4C2F-8D60-8D180D0795D0}.Release|Any CPU.Build.0 = Release|Any CPU
	EndGlobalSection
	GlobalSection(SolutionProperties) = preSolution
		HideSolutionNode = FALSE
	EndGlobalSection
	GlobalSection(ExtensibilityGlobals) = postSolution
		SolutionGuid = {7E812F4B-A46C-4326-AAEA-525B9716E2E2}
	EndGlobalSection
EndGlobal
